
Microsoft Visual Studio Solution File, Format Version 12.00
Project("{FAE04EC0-301F-11D3-BF4B-00C04F79EFBC}") = "MathLib", "MathLib\MathLib.csproj", "{DBFDB08A-6D92-44CF-8F6A-AD6D09614B7F}"
EndProject
Project("{FAE04EC0-301F-11D3-BF4B-00C04F79EFBC}") = "TestRunner", "TestRunner\TestRunner.csproj", "{5820C1E6-2020-4749-8AB6-6B3E4EF776C7}"
EndProject
Project("{FAE04EC0-301F-11D3-BF4B-00C04F79EFBC}") = "MathLib.Tests", "MathLib.Tests\MathLib.Tests.csproj", "{D076D53C-E800-4EA9-9CB6-63B8B9DD2B19}"
EndProject
Global
	GlobalSection(SolutionConfigurationPlatforms) = preSolution
		Debug|Any CPU = Debug|Any CPU
		Release|Any CPU = Release|Any CPU
	EndGlobalSection
	GlobalSection(ProjectConfigurationPlatforms) = postSolution
		{DBFDB08A-6D92-44CF-8F6A-AD6D09614B7F}.Debug|Any CPU.ActiveCfg = Debug|Any CPU
		{DBFDB08A-6D92-44CF-8F6A-AD6D09614B7F}.Debug|Any CPU.Build.0 = Debug|Any CPU
		{DBFDB08A-6D92-44CF-8F6A-AD6D09614B7F}.Release|Any CPU.ActiveCfg = Release|Any CPU
		{DBFDB08A-6D92-44CF-8F6A-AD6D09614B7F}.Release|Any CPU.Build.0 = Release|Any CPU
		{5820C1E6-2020-4749-8AB6-6B3E4EF776C7}.Debug|Any CPU.ActiveCfg = Debug|Any CPU
		{5820C1E6-2020-4749-8AB6-6B3E4EF776C7}.Debug|Any CPU.Build.0 = Debug|Any CPU
		{5820C1E6-2020-4749-8AB6-6B3E4EF776C7}.Release|Any CPU.ActiveCfg = Release|Any CPU
		{5820C1E6-2020-4749-8AB6-6B3E4EF776C7}.Release|Any CPU.Build.0 = Release|Any CPU
		{D076D53C-E800-4EA9-9CB6-63B8B9DD2B19}.Debug|Any CPU.ActiveCfg = Debug|Any CPU
		{D076D53C-E800-4EA9-9CB6-63B8B9DD2B19}.Debug|Any CPU.Build.0 = Debug|Any CPU
		{D076D53C-E800-4EA9-9CB6-63B8B9DD2B19}.Release|Any CPU.ActiveCfg = Release|Any CPU
		{D076D53C-E800-4EA9-9CB6-63B8B9DD2B19}.Release|Any CPU.Build.0 = Release|Any CPU
	EndGlobalSection
EndGlobal
